DEPENDENCIES
  railspeppers
    path: .
    metadata: true

GRAPH
  7-zip (1.0.2)
    windows (>= 1.2.2)
  apt (2.7.0)
  ark (0.9.0)
    7-zip (>= 0.0.0)
    windows (>= 0.0.0)
  bluepill (2.3.1)
    rsyslog (>= 0.0.0)
  build-essential (2.2.3)
  chef-sugar (3.1.0)
  chef_handler (1.1.6)
  curl (2.0.1)
  database (4.0.5)
    postgresql (>= 1.0.0)
  homebrew (1.12.0)
    build-essential (>= 2.1.2)
  mariadb (0.3.0)
    apt (>= 0.0.0)
    yum (>= 0.0.0)
    yum-epel (>= 0.0.0)
  mysql (6.0.21)
    smf (>= 0.0.0)
    yum-mysql-community (>= 0.0.0)
  mysql2_chef_gem (1.0.1)
    build-essential (>= 0.0.0)
    mariadb (>= 0.0.0)
    mysql (>= 0.0.0)
  newrelic (2.11.2)
    apt (~> 2.0)
    curl (>= 0.0.0)
    python (>= 0.0.0)
    yum (~> 3.0)
  nginx (2.7.6)
    apt (~> 2.2)
    bluepill (~> 2.3)
    build-essential (~> 2.0)
    ohai (~> 2.0)
    runit (~> 1.2)
    yum-epel (~> 0.3)
  nodejs (2.4.0)
    apt (>= 0.0.0)
    ark (>= 0.0.0)
    build-essential (>= 0.0.0)
    homebrew (>= 0.0.0)
    yum-epel (>= 0.0.0)
  ohai (2.0.1)
  openssl (4.0.0)
    chef-sugar (>= 0.0.0)
  packagecloud (0.0.17)
  postgresql (3.4.18)
    apt (>= 1.9.0)
    build-essential (>= 0.0.0)
    openssl (~> 4.0.0)
  python (1.4.6)
    build-essential (>= 0.0.0)
    yum-epel (>= 0.0.0)
  railspeppers (0.1.0)
    apt (>= 0.0.0)
    database (>= 0.0.0)
    mysql2_chef_gem (>= 0.0.0)
    newrelic (>= 0.0.0)
    nginx (>= 0.0.0)
    nodejs (>= 0.0.0)
    sudo (>= 0.0.0)
  rbac (1.0.3)
  rsyslog (1.15.0)
  runit (1.6.0)
    packagecloud (>= 0.0.0)
  smf (2.2.6)
    rbac (>= 1.0.1)
  sudo (2.7.1)
  windows (1.36.6)
    chef_handler (>= 0.0.0)
  yum (3.5.4)
  yum-epel (0.6.0)
    yum (~> 3.0)
  yum-mysql-community (0.1.17)
    yum (>= 3.0)
